
Microsoft Visual Studio Solution File, Format Version 12.00
# Visual Studio Version 17
VisualStudioVersion = 17.7.34221.43
MinimumVisualStudioVersion = 10.0.40219.1
Project("{2150E333-8FDC-42A3-9474-1A3956D46DE8}") = "AuthService", "AuthService", "{22F0B5ED-5517-41DB-AAAD-64687528B106}"
EndProject
Project("{9A19103F-16F7-4668-BE54-9A1E7A4F7556}") = "EasyClinic.AuthService.Api", "src\AuthService\EasyClinic.AuthService.Api\EasyClinic.AuthService.Api.csproj", "{5C490EA2-538A-41A6-B76F-B105EA580D77}"
EndProject
Project("{9A19103F-16F7-4668-BE54-9A1E7A4F7556}") = "EasyClinic.AuthService.Infrastructure", "src\AuthService\EasyClinic.AuthService.Infrastructure\EasyClinic.AuthService.Infrastructure.csproj", "{6073FCE4-D081-441D-9FE7-A005E5AD615B}"
EndProject
Project("{9A19103F-16F7-4668-BE54-9A1E7A4F7556}") = "EasyClinic.AuthService.Domain", "src\AuthService\EasyClinic.AuthService.Domain\EasyClinic.AuthService.Domain.csproj", "{C0CF5C89-ABDA-4536-9FFD-400A8EDB8234}"
EndProject
Project("{9A19103F-16F7-4668-BE54-9A1E7A4F7556}") = "EasyClinic.AuthService.Application", "src\AuthService\EasyClinic.AuthService.Application\EasyClinic.AuthService.Application.csproj", "{2D8C950F-8AEB-47D7-8D0E-6348EE11C097}"
EndProject
Project("{9A19103F-16F7-4668-BE54-9A1E7A4F7556}") = "EasyClinic.AuthService.Application.EmailSender", "src\AuthService\EasyClinic.AuthService.Application.EmailSender\EasyClinic.AuthService.Application.EmailSender.csproj", "{6D9097A1-ADB4-4F34-95D0-7696E873FE15}"
EndProject
Project("{E53339B2-1760-4266-BCC7-CA923CBCF16C}") = "docker-compose", "docker-compose.dcproj", "{19D03A3A-1DBE-48BC-8A48-75BA90DC7071}"
EndProject
Global
	GlobalSection(SolutionConfigurationPlatforms) = preSolution
		Debug|Any CPU = Debug|Any CPU
		Release|Any CPU = Release|Any CPU
	EndGlobalSection
	GlobalSection(ProjectConfigurationPlatforms) = postSolution
		{5C490EA2-538A-41A6-B76F-B105EA580D77}.Debug|Any CPU.ActiveCfg = Debug|Any CPU
		{5C490EA2-538A-41A6-B76F-B105EA580D77}.Debug|Any CPU.Build.0 = Debug|Any CPU
		{5C490EA2-538A-41A6-B76F-B105EA580D77}.Release|Any CPU.ActiveCfg = Release|Any CPU
		{5C490EA2-538A-41A6-B76F-B105EA580D77}.Release|Any CPU.Build.0 = Release|Any CPU
		{6073FCE4-D081-441D-9FE7-A005E5AD615B}.Debug|Any CPU.ActiveCfg = Debug|Any CPU
		{6073FCE4-D081-441D-9FE7-A005E5AD615B}.Debug|Any CPU.Build.0 = Debug|Any CPU
		{6073FCE4-D081-441D-9FE7-A005E5AD615B}.Release|Any CPU.ActiveCfg = Release|Any CPU
		{6073FCE4-D081-441D-9FE7-A005E5AD615B}.Release|Any CPU.Build.0 = Release|Any CPU
		{C0CF5C89-ABDA-4536-9FFD-400A8EDB8234}.Debug|Any CPU.ActiveCfg = Debug|Any CPU
		{C0CF5C89-ABDA-4536-9FFD-400A8EDB8234}.Debug|Any CPU.Build.0 = Debug|Any CPU
		{C0CF5C89-ABDA-4536-9FFD-400A8EDB8234}.Release|Any CPU.ActiveCfg = Release|Any CPU
		{C0CF5C89-ABDA-4536-9FFD-400A8EDB8234}.Release|Any CPU.Build.0 = Release|Any CPU
		{2D8C950F-8AEB-47D7-8D0E-6348EE11C097}.Debug|Any CPU.ActiveCfg = Debug|Any CPU
		{2D8C950F-8AEB-47D7-8D0E-6348EE11C097}.Debug|Any CPU.Build.0 = Debug|Any CPU
		{2D8C950F-8AEB-47D7-8D0E-6348EE11C097}.Release|Any CPU.ActiveCfg = Release|Any CPU
		{2D8C950F-8AEB-47D7-8D0E-6348EE11C097}.Release|Any CPU.Build.0 = Release|Any CPU
		{6D9097A1-ADB4-4F34-95D0-7696E873FE15}.Debug|Any CPU.ActiveCfg = Debug|Any CPU
		{6D9097A1-ADB4-4F34-95D0-7696E873FE15}.Debug|Any CPU.Build.0 = Debug|Any CPU
		{6D9097A1-ADB4-4F34-95D0-7696E873FE15}.Release|Any CPU.ActiveCfg = Release|Any CPU
		{6D9097A1-ADB4-4F34-95D0-7696E873FE15}.Release|Any CPU.Build.0 = Release|Any CPU
		{19D03A3A-1DBE-48BC-8A48-75BA90DC7071}.Debug|Any CPU.ActiveCfg = Debug|Any CPU
		{19D03A3A-1DBE-48BC-8A48-75BA90DC7071}.Debug|Any CPU.Build.0 = Debug|Any CPU
		{19D03A3A-1DBE-48BC-8A48-75BA90DC7071}.Release|Any CPU.ActiveCfg = Release|Any CPU
		{19D03A3A-1DBE-48BC-8A48-75BA90DC7071}.Release|Any CPU.Build.0 = Release|Any CPU
	EndGlobalSection
	GlobalSection(SolutionProperties) = preSolution
		HideSolutionNode = FALSE
	EndGlobalSection
	GlobalSection(NestedProjects) = preSolution
		{5C490EA2-538A-41A6-B76F-B105EA580D77} = {22F0B5ED-5517-41DB-AAAD-64687528B106}
		{6073FCE4-D081-441D-9FE7-A005E5AD615B} = {22F0B5ED-5517-41DB-AAAD-64687528B106}
		{C0CF5C89-ABDA-4536-9FFD-400A8EDB8234} = {22F0B5ED-5517-41DB-AAAD-64687528B106}
		{2D8C950F-8AEB-47D7-8D0E-6348EE11C097} = {22F0B5ED-5517-41DB-AAAD-64687528B106}
		{6D9097A1-ADB4-4F34-95D0-7696E873FE15} = {22F0B5ED-5517-41DB-AAAD-64687528B106}
	EndGlobalSection
	GlobalSection(ExtensibilityGlobals) = postSolution
		SolutionGuid = {88709383-0404-47D0-ACEB-3EA631AD9993}
	EndGlobalSection
EndGlobal
