
Microsoft Visual Studio Solution File, Format Version 12.00
# Visual Studio Version 17
VisualStudioVersion = 17.7.34221.43
MinimumVisualStudioVersion = 10.0.40219.1
Project("{2150E333-8FDC-42A3-9474-1A3956D46DE8}") = "AuthService", "AuthService", "{22F0B5ED-5517-41DB-AAAD-64687528B106}"
EndProject
Project("{9A19103F-16F7-4668-BE54-9A1E7A4F7556}") = "EasyClinic.AuthService.Api", "src\Services\AuthService\EasyClinic.AuthService.Api\EasyClinic.AuthService.Api.csproj", "{5C490EA2-538A-41A6-B76F-B105EA580D77}"
EndProject
Project("{9A19103F-16F7-4668-BE54-9A1E7A4F7556}") = "EasyClinic.AuthService.Infrastructure", "src\Services\AuthService\EasyClinic.AuthService.Infrastructure\EasyClinic.AuthService.Infrastructure.csproj", "{6073FCE4-D081-441D-9FE7-A005E5AD615B}"
EndProject
Project("{9A19103F-16F7-4668-BE54-9A1E7A4F7556}") = "EasyClinic.AuthService.Domain", "src\Services\AuthService\EasyClinic.AuthService.Domain\EasyClinic.AuthService.Domain.csproj", "{C0CF5C89-ABDA-4536-9FFD-400A8EDB8234}"
EndProject
Project("{9A19103F-16F7-4668-BE54-9A1E7A4F7556}") = "EasyClinic.AuthService.Application", "src\Services\AuthService\EasyClinic.AuthService.Application\EasyClinic.AuthService.Application.csproj", "{2D8C950F-8AEB-47D7-8D0E-6348EE11C097}"
EndProject
Project("{9A19103F-16F7-4668-BE54-9A1E7A4F7556}") = "EasyClinic.AuthService.Application.EmailSender", "src\Services\AuthService\EasyClinic.AuthService.Application.EmailSender\EasyClinic.AuthService.Application.EmailSender.csproj", "{6D9097A1-ADB4-4F34-95D0-7696E873FE15}"
EndProject
Project("{E53339B2-1760-4266-BCC7-CA923CBCF16C}") = "docker-compose", "docker-compose.dcproj", "{19D03A3A-1DBE-48BC-8A48-75BA90DC7071}"
EndProject
Project("{2150E333-8FDC-42A3-9474-1A3956D46DE8}") = "OfficesService", "OfficesService", "{F886842C-98D6-4E88-BEC6-934B3946FCDE}"
EndProject
Project("{9A19103F-16F7-4668-BE54-9A1E7A4F7556}") = "EasyClinic.OfficesService.Api", "src\Services\OfficesService\EasyClinic.OfficesService.Api\EasyClinic.OfficesService.Api.csproj", "{4AD0865F-1667-451E-A0F4-02D5644802BD}"
EndProject
Project("{9A19103F-16F7-4668-BE54-9A1E7A4F7556}") = "EasyClinic.OfficesService.Application", "src\Services\OfficesService\EasyClinic.OfficesService.Application\EasyClinic.OfficesService.Application.csproj", "{DE577C7C-D377-4858-9925-695E856E7AFF}"
EndProject
Project("{9A19103F-16F7-4668-BE54-9A1E7A4F7556}") = "EasyClinic.OfficesService.Domain", "src\Services\OfficesService\EasyClinic.OfficesService.Domain\EasyClinic.OfficesService.Domain.csproj", "{464A5623-C236-47A6-B226-CCC8CC5BF01A}"
EndProject
Project("{9A19103F-16F7-4668-BE54-9A1E7A4F7556}") = "EasyClinic.OfficesService.Infrastructure", "src\Services\OfficesService\EasyClinic.OfficesService.Infrastructure\EasyClinic.OfficesService.Infrastructure.csproj", "{A198B174-122D-434A-B0D7-A56F88179A85}"
EndProject
Project("{2150E333-8FDC-42A3-9474-1A3956D46DE8}") = "Services", "Services", "{E2498F8F-1B9A-4AE2-AD59-D214B12FA4CA}"
EndProject
Project("{9A19103F-16F7-4668-BE54-9A1E7A4F7556}") = "EasyClinic.OfficesService.Tests", "src\Services\OfficesService\EasyClinic.OfficesService.Tests\EasyClinic.OfficesService.Tests.csproj", "{BC35A4D6-8C02-473D-BC3A-68E4D8A8E834}"
EndProject
Project("{2150E333-8FDC-42A3-9474-1A3956D46DE8}") = "ProfilesService", "ProfilesService", "{0CE0D98B-42E9-4FA4-B1E0-270604C8D82B}"
EndProject
Project("{9A19103F-16F7-4668-BE54-9A1E7A4F7556}") = "EasyClinic.ProfilesService.Application", "src\Services\ProfilesService\EasyClinic.ProfilesService.Application\EasyClinic.ProfilesService.Application.csproj", "{5AD6A344-5980-4E83-A1E2-1BA8960C7033}"
EndProject
Project("{9A19103F-16F7-4668-BE54-9A1E7A4F7556}") = "EasyClinic.ProfilesService.Infrastructure", "src\Services\ProfilesService\EasyClinic.ProfilesService.Infrastructure\EasyClinic.ProfilesService.Infrastructure.csproj", "{38E74F79-8FF8-41A0-8EDB-581EFB73C90C}"
EndProject
Project("{9A19103F-16F7-4668-BE54-9A1E7A4F7556}") = "EasyClinic.ProfilesService.Domain", "src\Services\ProfilesService\EasyClinic.ProfilesService.Domain\EasyClinic.ProfilesService.Domain.csproj", "{AFECB576-88F1-448D-956E-8592F74DD031}"
EndProject
Project("{9A19103F-16F7-4668-BE54-9A1E7A4F7556}") = "EasyClinic.ProfilesService.Api", "src\Services\ProfilesService\EasyClinic.ProfilesService.Api\EasyClinic.ProfilesService.Api.csproj", "{97776AE5-EB23-435C-B658-822AC5BF54AF}"
EndProject
Project("{2150E333-8FDC-42A3-9474-1A3956D46DE8}") = "ApiGateway", "ApiGateway", "{9F419E70-7D4F-47F2-96B0-31EBD232F38A}"
EndProject
Project("{9A19103F-16F7-4668-BE54-9A1E7A4F7556}") = "EasyClinic.ApiGateway", "src\ApiGateway\EasyClinic.ApiGateway\EasyClinic.ApiGateway.csproj", "{43479642-F4ED-4BAF-95C4-0A7B93F28332}"
EndProject
Project("{2150E333-8FDC-42A3-9474-1A3956D46DE8}") = "ServicesService", "ServicesService", "{61BFC0FD-CAF4-44AA-8470-4774D874346A}"
EndProject
Project("{FAE04EC0-301F-11D3-BF4B-00C04F79EFBC}") = "EasyClinic.ServicesService.Application", "src\Services\ServicesService\EasyClinic.ServicesService.Application\EasyClinic.ServicesService.Application.csproj", "{EFBAC47F-AE29-4366-9370-730DF22D4924}"
EndProject
Project("{FAE04EC0-301F-11D3-BF4B-00C04F79EFBC}") = "EasyClinic.ServicesService.Domain", "src\Services\ServicesService\EasyClinic.ServicesService.Domain\EasyClinic.ServicesService.Domain.csproj", "{B7791E08-C010-4382-9CF2-A1DBBCBC50C4}"
EndProject
Project("{FAE04EC0-301F-11D3-BF4B-00C04F79EFBC}") = "EasyClinic.ServicesService.Infrastructure", "src\Services\ServicesService\EasyClinic.ServicesService.Infrastructure\EasyClinic.ServicesService.Infrastructure.csproj", "{57FD52CF-EE1A-47CA-8430-0F83BA8827C1}"
EndProject
Project("{FAE04EC0-301F-11D3-BF4B-00C04F79EFBC}") = "EasyClinic.ServicesService.Api", "src\Services\ServicesService\EasyClinic.ServicesService.Api\EasyClinic.ServicesService.Api.csproj", "{74DF78A7-2D9D-4A20-AA86-4C5CBEE99BF7}"
EndProject
Global
	GlobalSection(SolutionConfigurationPlatforms) = preSolution
		Debug|Any CPU = Debug|Any CPU
		Release|Any CPU = Release|Any CPU
	EndGlobalSection
	GlobalSection(ProjectConfigurationPlatforms) = postSolution
		{5C490EA2-538A-41A6-B76F-B105EA580D77}.Debug|Any CPU.ActiveCfg = Debug|Any CPU
		{5C490EA2-538A-41A6-B76F-B105EA580D77}.Debug|Any CPU.Build.0 = Debug|Any CPU
		{5C490EA2-538A-41A6-B76F-B105EA580D77}.Release|Any CPU.ActiveCfg = Release|Any CPU
		{5C490EA2-538A-41A6-B76F-B105EA580D77}.Release|Any CPU.Build.0 = Release|Any CPU
		{6073FCE4-D081-441D-9FE7-A005E5AD615B}.Debug|Any CPU.ActiveCfg = Debug|Any CPU
		{6073FCE4-D081-441D-9FE7-A005E5AD615B}.Debug|Any CPU.Build.0 = Debug|Any CPU
		{6073FCE4-D081-441D-9FE7-A005E5AD615B}.Release|Any CPU.ActiveCfg = Release|Any CPU
		{6073FCE4-D081-441D-9FE7-A005E5AD615B}.Release|Any CPU.Build.0 = Release|Any CPU
		{C0CF5C89-ABDA-4536-9FFD-400A8EDB8234}.Debug|Any CPU.ActiveCfg = Debug|Any CPU
		{C0CF5C89-ABDA-4536-9FFD-400A8EDB8234}.Debug|Any CPU.Build.0 = Debug|Any CPU
		{C0CF5C89-ABDA-4536-9FFD-400A8EDB8234}.Release|Any CPU.ActiveCfg = Release|Any CPU
		{C0CF5C89-ABDA-4536-9FFD-400A8EDB8234}.Release|Any CPU.Build.0 = Release|Any CPU
		{2D8C950F-8AEB-47D7-8D0E-6348EE11C097}.Debug|Any CPU.ActiveCfg = Debug|Any CPU
		{2D8C950F-8AEB-47D7-8D0E-6348EE11C097}.Debug|Any CPU.Build.0 = Debug|Any CPU
		{2D8C950F-8AEB-47D7-8D0E-6348EE11C097}.Release|Any CPU.ActiveCfg = Release|Any CPU
		{2D8C950F-8AEB-47D7-8D0E-6348EE11C097}.Release|Any CPU.Build.0 = Release|Any CPU
		{6D9097A1-ADB4-4F34-95D0-7696E873FE15}.Debug|Any CPU.ActiveCfg = Debug|Any CPU
		{6D9097A1-ADB4-4F34-95D0-7696E873FE15}.Debug|Any CPU.Build.0 = Debug|Any CPU
		{6D9097A1-ADB4-4F34-95D0-7696E873FE15}.Release|Any CPU.ActiveCfg = Release|Any CPU
		{6D9097A1-ADB4-4F34-95D0-7696E873FE15}.Release|Any CPU.Build.0 = Release|Any CPU
		{19D03A3A-1DBE-48BC-8A48-75BA90DC7071}.Debug|Any CPU.ActiveCfg = Debug|Any CPU
		{19D03A3A-1DBE-48BC-8A48-75BA90DC7071}.Debug|Any CPU.Build.0 = Debug|Any CPU
		{19D03A3A-1DBE-48BC-8A48-75BA90DC7071}.Release|Any CPU.ActiveCfg = Release|Any CPU
		{19D03A3A-1DBE-48BC-8A48-75BA90DC7071}.Release|Any CPU.Build.0 = Release|Any CPU
		{4AD0865F-1667-451E-A0F4-02D5644802BD}.Debug|Any CPU.ActiveCfg = Debug|Any CPU
		{4AD0865F-1667-451E-A0F4-02D5644802BD}.Debug|Any CPU.Build.0 = Debug|Any CPU
		{4AD0865F-1667-451E-A0F4-02D5644802BD}.Release|Any CPU.ActiveCfg = Release|Any CPU
		{4AD0865F-1667-451E-A0F4-02D5644802BD}.Release|Any CPU.Build.0 = Release|Any CPU
		{DE577C7C-D377-4858-9925-695E856E7AFF}.Debug|Any CPU.ActiveCfg = Debug|Any CPU
		{DE577C7C-D377-4858-9925-695E856E7AFF}.Debug|Any CPU.Build.0 = Debug|Any CPU
		{DE577C7C-D377-4858-9925-695E856E7AFF}.Release|Any CPU.ActiveCfg = Release|Any CPU
		{DE577C7C-D377-4858-9925-695E856E7AFF}.Release|Any CPU.Build.0 = Release|Any CPU
		{464A5623-C236-47A6-B226-CCC8CC5BF01A}.Debug|Any CPU.ActiveCfg = Debug|Any CPU
		{464A5623-C236-47A6-B226-CCC8CC5BF01A}.Debug|Any CPU.Build.0 = Debug|Any CPU
		{464A5623-C236-47A6-B226-CCC8CC5BF01A}.Release|Any CPU.ActiveCfg = Release|Any CPU
		{464A5623-C236-47A6-B226-CCC8CC5BF01A}.Release|Any CPU.Build.0 = Release|Any CPU
		{A198B174-122D-434A-B0D7-A56F88179A85}.Debug|Any CPU.ActiveCfg = Debug|Any CPU
		{A198B174-122D-434A-B0D7-A56F88179A85}.Debug|Any CPU.Build.0 = Debug|Any CPU
		{A198B174-122D-434A-B0D7-A56F88179A85}.Release|Any CPU.ActiveCfg = Release|Any CPU
		{A198B174-122D-434A-B0D7-A56F88179A85}.Release|Any CPU.Build.0 = Release|Any CPU
		{BC35A4D6-8C02-473D-BC3A-68E4D8A8E834}.Debug|Any CPU.ActiveCfg = Debug|Any CPU
		{BC35A4D6-8C02-473D-BC3A-68E4D8A8E834}.Debug|Any CPU.Build.0 = Debug|Any CPU
		{BC35A4D6-8C02-473D-BC3A-68E4D8A8E834}.Release|Any CPU.ActiveCfg = Release|Any CPU
		{BC35A4D6-8C02-473D-BC3A-68E4D8A8E834}.Release|Any CPU.Build.0 = Release|Any CPU
		{5AD6A344-5980-4E83-A1E2-1BA8960C7033}.Debug|Any CPU.ActiveCfg = Debug|Any CPU
		{5AD6A344-5980-4E83-A1E2-1BA8960C7033}.Debug|Any CPU.Build.0 = Debug|Any CPU
		{5AD6A344-5980-4E83-A1E2-1BA8960C7033}.Release|Any CPU.ActiveCfg = Release|Any CPU
		{5AD6A344-5980-4E83-A1E2-1BA8960C7033}.Release|Any CPU.Build.0 = Release|Any CPU
		{38E74F79-8FF8-41A0-8EDB-581EFB73C90C}.Debug|Any CPU.ActiveCfg = Debug|Any CPU
		{38E74F79-8FF8-41A0-8EDB-581EFB73C90C}.Debug|Any CPU.Build.0 = Debug|Any CPU
		{38E74F79-8FF8-41A0-8EDB-581EFB73C90C}.Release|Any CPU.ActiveCfg = Release|Any CPU
		{38E74F79-8FF8-41A0-8EDB-581EFB73C90C}.Release|Any CPU.Build.0 = Release|Any CPU
		{AFECB576-88F1-448D-956E-8592F74DD031}.Debug|Any CPU.ActiveCfg = Debug|Any CPU
		{AFECB576-88F1-448D-956E-8592F74DD031}.Debug|Any CPU.Build.0 = Debug|Any CPU
		{AFECB576-88F1-448D-956E-8592F74DD031}.Release|Any CPU.ActiveCfg = Release|Any CPU
		{AFECB576-88F1-448D-956E-8592F74DD031}.Release|Any CPU.Build.0 = Release|Any CPU
		{97776AE5-EB23-435C-B658-822AC5BF54AF}.Debug|Any CPU.ActiveCfg = Debug|Any CPU
		{97776AE5-EB23-435C-B658-822AC5BF54AF}.Debug|Any CPU.Build.0 = Debug|Any CPU
		{97776AE5-EB23-435C-B658-822AC5BF54AF}.Release|Any CPU.ActiveCfg = Release|Any CPU
		{97776AE5-EB23-435C-B658-822AC5BF54AF}.Release|Any CPU.Build.0 = Release|Any CPU
		{43479642-F4ED-4BAF-95C4-0A7B93F28332}.Debug|Any CPU.ActiveCfg = Debug|Any CPU
		{43479642-F4ED-4BAF-95C4-0A7B93F28332}.Debug|Any CPU.Build.0 = Debug|Any CPU
		{43479642-F4ED-4BAF-95C4-0A7B93F28332}.Release|Any CPU.ActiveCfg = Release|Any CPU
		{43479642-F4ED-4BAF-95C4-0A7B93F28332}.Release|Any CPU.Build.0 = Release|Any CPU
		{EFBAC47F-AE29-4366-9370-730DF22D4924}.Debug|Any CPU.ActiveCfg = Debug|Any CPU
		{EFBAC47F-AE29-4366-9370-730DF22D4924}.Debug|Any CPU.Build.0 = Debug|Any CPU
		{EFBAC47F-AE29-4366-9370-730DF22D4924}.Release|Any CPU.ActiveCfg = Release|Any CPU
		{EFBAC47F-AE29-4366-9370-730DF22D4924}.Release|Any CPU.Build.0 = Release|Any CPU
		{B7791E08-C010-4382-9CF2-A1DBBCBC50C4}.Debug|Any CPU.ActiveCfg = Debug|Any CPU
		{B7791E08-C010-4382-9CF2-A1DBBCBC50C4}.Debug|Any CPU.Build.0 = Debug|Any CPU
		{B7791E08-C010-4382-9CF2-A1DBBCBC50C4}.Release|Any CPU.ActiveCfg = Release|Any CPU
		{B7791E08-C010-4382-9CF2-A1DBBCBC50C4}.Release|Any CPU.Build.0 = Release|Any CPU
		{57FD52CF-EE1A-47CA-8430-0F83BA8827C1}.Debug|Any CPU.ActiveCfg = Debug|Any CPU
		{57FD52CF-EE1A-47CA-8430-0F83BA8827C1}.Debug|Any CPU.Build.0 = Debug|Any CPU
		{57FD52CF-EE1A-47CA-8430-0F83BA8827C1}.Release|Any CPU.ActiveCfg = Release|Any CPU
		{57FD52CF-EE1A-47CA-8430-0F83BA8827C1}.Release|Any CPU.Build.0 = Release|Any CPU
		{74DF78A7-2D9D-4A20-AA86-4C5CBEE99BF7}.Debug|Any CPU.ActiveCfg = Debug|Any CPU
		{74DF78A7-2D9D-4A20-AA86-4C5CBEE99BF7}.Debug|Any CPU.Build.0 = Debug|Any CPU
		{74DF78A7-2D9D-4A20-AA86-4C5CBEE99BF7}.Release|Any CPU.ActiveCfg = Release|Any CPU
		{74DF78A7-2D9D-4A20-AA86-4C5CBEE99BF7}.Release|Any CPU.Build.0 = Release|Any CPU
	EndGlobalSection
	GlobalSection(SolutionProperties) = preSolution
		HideSolutionNode = FALSE
	EndGlobalSection
	GlobalSection(NestedProjects) = preSolution
		{22F0B5ED-5517-41DB-AAAD-64687528B106} = {E2498F8F-1B9A-4AE2-AD59-D214B12FA4CA}
		{5C490EA2-538A-41A6-B76F-B105EA580D77} = {22F0B5ED-5517-41DB-AAAD-64687528B106}
		{6073FCE4-D081-441D-9FE7-A005E5AD615B} = {22F0B5ED-5517-41DB-AAAD-64687528B106}
		{C0CF5C89-ABDA-4536-9FFD-400A8EDB8234} = {22F0B5ED-5517-41DB-AAAD-64687528B106}
		{2D8C950F-8AEB-47D7-8D0E-6348EE11C097} = {22F0B5ED-5517-41DB-AAAD-64687528B106}
		{6D9097A1-ADB4-4F34-95D0-7696E873FE15} = {22F0B5ED-5517-41DB-AAAD-64687528B106}
		{F886842C-98D6-4E88-BEC6-934B3946FCDE} = {E2498F8F-1B9A-4AE2-AD59-D214B12FA4CA}
		{4AD0865F-1667-451E-A0F4-02D5644802BD} = {F886842C-98D6-4E88-BEC6-934B3946FCDE}
		{DE577C7C-D377-4858-9925-695E856E7AFF} = {F886842C-98D6-4E88-BEC6-934B3946FCDE}
		{464A5623-C236-47A6-B226-CCC8CC5BF01A} = {F886842C-98D6-4E88-BEC6-934B3946FCDE}
		{A198B174-122D-434A-B0D7-A56F88179A85} = {F886842C-98D6-4E88-BEC6-934B3946FCDE}
		{BC35A4D6-8C02-473D-BC3A-68E4D8A8E834} = {F886842C-98D6-4E88-BEC6-934B3946FCDE}
		{0CE0D98B-42E9-4FA4-B1E0-270604C8D82B} = {E2498F8F-1B9A-4AE2-AD59-D214B12FA4CA}
		{5AD6A344-5980-4E83-A1E2-1BA8960C7033} = {0CE0D98B-42E9-4FA4-B1E0-270604C8D82B}
		{38E74F79-8FF8-41A0-8EDB-581EFB73C90C} = {0CE0D98B-42E9-4FA4-B1E0-270604C8D82B}
		{AFECB576-88F1-448D-956E-8592F74DD031} = {0CE0D98B-42E9-4FA4-B1E0-270604C8D82B}
		{97776AE5-EB23-435C-B658-822AC5BF54AF} = {0CE0D98B-42E9-4FA4-B1E0-270604C8D82B}
		{43479642-F4ED-4BAF-95C4-0A7B93F28332} = {9F419E70-7D4F-47F2-96B0-31EBD232F38A}
		{61BFC0FD-CAF4-44AA-8470-4774D874346A} = {E2498F8F-1B9A-4AE2-AD59-D214B12FA4CA}
		{EFBAC47F-AE29-4366-9370-730DF22D4924} = {61BFC0FD-CAF4-44AA-8470-4774D874346A}
		{B7791E08-C010-4382-9CF2-A1DBBCBC50C4} = {61BFC0FD-CAF4-44AA-8470-4774D874346A}
		{57FD52CF-EE1A-47CA-8430-0F83BA8827C1} = {61BFC0FD-CAF4-44AA-8470-4774D874346A}
		{74DF78A7-2D9D-4A20-AA86-4C5CBEE99BF7} = {61BFC0FD-CAF4-44AA-8470-4774D874346A}
	EndGlobalSection
	GlobalSection(ExtensibilityGlobals) = postSolution
		SolutionGuid = {88709383-0404-47D0-ACEB-3EA631AD9993}
	EndGlobalSection
EndGlobal
